
Microsoft Visual Studio Solution File, Format Version 12.00
# Visual Studio Version 17
VisualStudioVersion = 17.9.34701.34
MinimumVisualStudioVersion = 10.0.40219.1
Project("{FAE04EC0-301F-11D3-BF4B-00C04F79EFBC}") = "ProgrammingConcepts12D24", "ProgrammingConcepts12D24\ProgrammingConcepts12D24.csproj", "{9C2F97CB-FDFD-4B1D-842F-35A74FF7D486}"
EndProject
Global
	GlobalSection(SolutionConfigurationPlatforms) = preSolution
		Debug|Any CPU = Debug|Any CPU
		Release|Any CPU = Release|Any CPU
	EndGlobalSection
	GlobalSection(ProjectConfigurationPlatforms) = postSolution
		{9C2F97CB-FDFD-4B1D-842F-35A74FF7D486}.Debug|Any CPU.ActiveCfg = Debug|Any CPU
		{9C2F97CB-FDFD-4B1D-842F-35A74FF7D486}.Debug|Any CPU.Build.0 = Debug|Any CPU
		{9C2F97CB-FDFD-4B1D-842F-35A74FF7D486}.Release|Any CPU.ActiveCfg = Release|Any CPU
		{9C2F97CB-FDFD-4B1D-842F-35A74FF7D486}.Release|Any CPU.Build.0 = Release|Any CPU
	EndGlobalSection
	GlobalSection(SolutionProperties) = preSolution
		HideSolutionNode = FALSE
	EndGlobalSection
	GlobalSection(ExtensibilityGlobals) = postSolution
		SolutionGuid = {4AC597DB-DCB6-4B47-AFFD-7640718C34A6}
	EndGlobalSection
EndGlobal
